
Microsoft Visual Studio Solution File, Format Version 12.00
# Visual Studio 15
VisualStudioVersion = 15.0.28307.1622
MinimumVisualStudioVersion = 10.0.40219.1
Project("{FAE04EC0-301F-11D3-BF4B-00C04F79EFBC}") = "ClassLibrary2", "ClassLibrary2\ClassLibrary2.csproj", "{CC9CCB9F-2296-4E70-A0B0-AE93A8DFED34}"
EndProject
Global
	GlobalSection(SolutionConfigurationPlatforms) = preSolution
		Debug|Any CPU = Debug|Any CPU
		Release|Any CPU = Release|Any CPU
	EndGlobalSection
	GlobalSection(ProjectConfigurationPlatforms) = postSolution
		{CC9CCB9F-2296-4E70-A0B0-AE93A8DFED34}.Debug|Any CPU.ActiveCfg = Debug|Any CPU
		{CC9CCB9F-2296-4E70-A0B0-AE93A8DFED34}.Debug|Any CPU.Build.0 = Debug|Any CPU
		{CC9CCB9F-2296-4E70-A0B0-AE93A8DFED34}.Release|Any CPU.ActiveCfg = Release|Any CPU
		{CC9CCB9F-2296-4E70-A0B0-AE93A8DFED34}.Release|Any CPU.Build.0 = Release|Any CPU
	EndGlobalSection
	GlobalSection(SolutionProperties) = preSolution
		HideSolutionNode = FALSE
	EndGlobalSection
	GlobalSection(ExtensibilityGlobals) = postSolution
		SolutionGuid = {292D59C8-5674-4871-927C-7CD704DF3574}
	EndGlobalSection
EndGlobal
